
Microsoft Visual Studio Solution File, Format Version 12.00
# Visual Studio Version 17
VisualStudioVersion = 17.2.32526.322
MinimumVisualStudioVersion = 10.0.40219.1
Project("{2150E333-8FDC-42A3-9474-1A3956D46DE8}") = "API", "API", "{7FB5AFAE-00AD-4A0E-9E1C-84D3E54A5314}"
EndProject
Project("{2150E333-8FDC-42A3-9474-1A3956D46DE8}") = "Application", "Application", "{2DAB60D7-5A6B-4CEC-A89D-2D0EA563B334}"
EndProject
Project("{2150E333-8FDC-42A3-9474-1A3956D46DE8}") = "Tools", "Tools", "{BCDD88E8-992E-4798-A26E-12FB1F55E5A5}"
EndProject
Project("{2150E333-8FDC-42A3-9474-1A3956D46DE8}") = "Infrstructure", "Infrstructure", "{94D53C7B-6076-4F3A-83E0-E82303C3FE21}"
EndProject
Project("{2150E333-8FDC-42A3-9474-1A3956D46DE8}") = "Domain", "Domain", "{CC2CEA6C-A444-45FC-B43B-F59AF4499A38}"
EndProject
Project("{9A19103F-16F7-4668-BE54-9A1E7A4F7556}") = "BankSystem.Domain", "BankSystem.Domain\BankSystem.Domain.csproj", "{9716795C-F136-468B-96A7-DBBACB57E7AA}"
EndProject
Project("{9A19103F-16F7-4668-BE54-9A1E7A4F7556}") = "Practice", "Practice\Practice.csproj", "{21F059A1-E124-441E-ACAB-8827D2A4A2A9}"
EndProject
Project("{9A19103F-16F7-4668-BE54-9A1E7A4F7556}") = "BankSystem.App", "BankSystem.App\BankSystem.App.csproj", "{9FC02AE7-002F-49F1-A635-669C51F63599}"
EndProject
Project("{FAE04EC0-301F-11D3-BF4B-00C04F79EFBC}") = "BankSystem.App.Tests", "BancSystem.App.Tests\BankSystem.App.Tests.csproj", "{B9256CCC-494B-4A78-AD38-A84275923CA5}"
	ProjectSection(ProjectDependencies) = postProject
		{9FC02AE7-002F-49F1-A635-669C51F63599} = {9FC02AE7-002F-49F1-A635-669C51F63599}
	EndProjectSection
EndProject
Global
	GlobalSection(SolutionConfigurationPlatforms) = preSolution
		Debug|Any CPU = Debug|Any CPU
		Release|Any CPU = Release|Any CPU
	EndGlobalSection
	GlobalSection(ProjectConfigurationPlatforms) = postSolution
		{9716795C-F136-468B-96A7-DBBACB57E7AA}.Debug|Any CPU.ActiveCfg = Debug|Any CPU
		{9716795C-F136-468B-96A7-DBBACB57E7AA}.Debug|Any CPU.Build.0 = Debug|Any CPU
		{9716795C-F136-468B-96A7-DBBACB57E7AA}.Release|Any CPU.ActiveCfg = Release|Any CPU
		{9716795C-F136-468B-96A7-DBBACB57E7AA}.Release|Any CPU.Build.0 = Release|Any CPU
		{21F059A1-E124-441E-ACAB-8827D2A4A2A9}.Debug|Any CPU.ActiveCfg = Debug|Any CPU
		{21F059A1-E124-441E-ACAB-8827D2A4A2A9}.Debug|Any CPU.Build.0 = Debug|Any CPU
		{21F059A1-E124-441E-ACAB-8827D2A4A2A9}.Release|Any CPU.ActiveCfg = Release|Any CPU
		{21F059A1-E124-441E-ACAB-8827D2A4A2A9}.Release|Any CPU.Build.0 = Release|Any CPU
		{9FC02AE7-002F-49F1-A635-669C51F63599}.Debug|Any CPU.ActiveCfg = Debug|Any CPU
		{9FC02AE7-002F-49F1-A635-669C51F63599}.Debug|Any CPU.Build.0 = Debug|Any CPU
		{9FC02AE7-002F-49F1-A635-669C51F63599}.Release|Any CPU.ActiveCfg = Release|Any CPU
		{9FC02AE7-002F-49F1-A635-669C51F63599}.Release|Any CPU.Build.0 = Release|Any CPU
		{B9256CCC-494B-4A78-AD38-A84275923CA5}.Debug|Any CPU.ActiveCfg = Debug|Any CPU
		{B9256CCC-494B-4A78-AD38-A84275923CA5}.Debug|Any CPU.Build.0 = Debug|Any CPU
		{B9256CCC-494B-4A78-AD38-A84275923CA5}.Release|Any CPU.ActiveCfg = Release|Any CPU
		{B9256CCC-494B-4A78-AD38-A84275923CA5}.Release|Any CPU.Build.0 = Release|Any CPU
	EndGlobalSection
	GlobalSection(SolutionProperties) = preSolution
		HideSolutionNode = FALSE
	EndGlobalSection
	GlobalSection(NestedProjects) = preSolution
		{9716795C-F136-468B-96A7-DBBACB57E7AA} = {CC2CEA6C-A444-45FC-B43B-F59AF4499A38}
		{21F059A1-E124-441E-ACAB-8827D2A4A2A9} = {BCDD88E8-992E-4798-A26E-12FB1F55E5A5}
		{9FC02AE7-002F-49F1-A635-669C51F63599} = {2DAB60D7-5A6B-4CEC-A89D-2D0EA563B334}
		{B9256CCC-494B-4A78-AD38-A84275923CA5} = {2DAB60D7-5A6B-4CEC-A89D-2D0EA563B334}
	EndGlobalSection
	GlobalSection(ExtensibilityGlobals) = postSolution
		SolutionGuid = {0097849E-39FC-49C1-B05C-98D472240A58}
	EndGlobalSection
EndGlobal
